
Microsoft Visual Studio Solution File, Format Version 12.00
# Visual Studio Version 17
VisualStudioVersion = 17.0.31903.59
MinimumVisualStudioVersion = 10.0.40219.1
Project("{2150E333-8FDC-42A3-9474-1A3956D46DE8}") = "src", "src", "{D07BB1FD-2860-4B14-9569-702BFF7B187E}"
EndProject
Project("{FAE04EC0-301F-11D3-BF4B-00C04F79EFBC}") = "Search", "src\Search\Search.csproj", "{2CA0C0AD-0D5C-4ED6-A2AF-AC32E3CCADDE}"
EndProject
Global
	GlobalSection(SolutionConfigurationPlatforms) = preSolution
		Debug|Any CPU = Debug|Any CPU
		Release|Any CPU = Release|Any CPU
	EndGlobalSection
	GlobalSection(ProjectConfigurationPlatforms) = postSolution
		{2CA0C0AD-0D5C-4ED6-A2AF-AC32E3CCADDE}.Debug|Any CPU.ActiveCfg = Debug|Any CPU
		{2CA0C0AD-0D5C-4ED6-A2AF-AC32E3CCADDE}.Debug|Any CPU.Build.0 = Debug|Any CPU
		{2CA0C0AD-0D5C-4ED6-A2AF-AC32E3CCADDE}.Release|Any CPU.ActiveCfg = Release|Any CPU
		{2CA0C0AD-0D5C-4ED6-A2AF-AC32E3CCADDE}.Release|Any CPU.Build.0 = Release|Any CPU
	EndGlobalSection
	GlobalSection(SolutionProperties) = preSolution
		HideSolutionNode = FALSE
	EndGlobalSection
	GlobalSection(NestedProjects) = preSolution
		{2CA0C0AD-0D5C-4ED6-A2AF-AC32E3CCADDE} = {D07BB1FD-2860-4B14-9569-702BFF7B187E}
	EndGlobalSection
EndGlobal
